
Microsoft Visual Studio Solution File, Format Version 12.00
# Visual Studio Version 17
VisualStudioVersion = 17.0.31903.59
MinimumVisualStudioVersion = 10.0.40219.1
Project("{FAE04EC0-301F-11D3-BF4B-00C04F79EFBC}") = "Company.Worker", "Source\Company.Worker\Company.Worker.csproj", "{7F516723-F43C-4279-BF8E-A34A616EA1AB}"
EndProject
Project("{FAE04EC0-301F-11D3-BF4B-00C04F79EFBC}") = "Company.WebApi", "Source\Company.WebApi\Company.WebApi.csproj", "{76D90716-15BD-4986-B974-6C9FFEF58753}"
EndProject
Project("{E53339B2-1760-4266-BCC7-CA923CBCF16C}") = "docker-compose", "docker-compose.dcproj", "{81DDED9D-158B-E303-5F62-77A2896D2A5A}"
EndProject
Project("{FAE04EC0-301F-11D3-BF4B-00C04F79EFBC}") = "Company.OtherWebApi", "Source\Company.OtherWebApi\Company.OtherWebApi.csproj", "{07F29AC1-A4B0-460C-8473-CF40B6AF67CC}"
EndProject
Project("{54A90642-561A-4BB1-A94E-469ADEE60C69}") = "Company.Frontend", "Source\Company.Frontend\Company.Frontend.esproj", "{F173BB1C-C6CE-517D-BCC4-28416026B293}"
EndProject
Project("{FAE04EC0-301F-11D3-BF4B-00C04F79EFBC}") = "Company.OtherWebApi2", "Source\Company.OtherWebApi2\Company.OtherWebApi2.csproj", "{E3C83489-8187-490D-BC44-F54732CE3578}"
EndProject
Project("{FAE04EC0-301F-11D3-BF4B-00C04F79EFBC}") = "Company.OtherWebApi3", "Source\Company.OtherWebApi3\Company.OtherWebApi3.csproj", "{B40E0DEA-6054-4DB2-AB46-240B0F61A3E2}"
EndProject
Project("{2150E333-8FDC-42A3-9474-1A3956D46DE8}") = "Services", "Services", "{02EA681E-C7D8-13C7-8484-4AC65E1B71E8}"
EndProject
Global
	GlobalSection(SolutionConfigurationPlatforms) = preSolution
		Debug|Any CPU = Debug|Any CPU
		Release|Any CPU = Release|Any CPU
	EndGlobalSection
	GlobalSection(ProjectConfigurationPlatforms) = postSolution
		{7F516723-F43C-4279-BF8E-A34A616EA1AB}.Debug|Any CPU.ActiveCfg = Debug|Any CPU
		{7F516723-F43C-4279-BF8E-A34A616EA1AB}.Debug|Any CPU.Build.0 = Debug|Any CPU
		{7F516723-F43C-4279-BF8E-A34A616EA1AB}.Release|Any CPU.ActiveCfg = Release|Any CPU
		{7F516723-F43C-4279-BF8E-A34A616EA1AB}.Release|Any CPU.Build.0 = Release|Any CPU
		{76D90716-15BD-4986-B974-6C9FFEF58753}.Debug|Any CPU.ActiveCfg = Debug|Any CPU
		{76D90716-15BD-4986-B974-6C9FFEF58753}.Debug|Any CPU.Build.0 = Debug|Any CPU
		{76D90716-15BD-4986-B974-6C9FFEF58753}.Release|Any CPU.ActiveCfg = Release|Any CPU
		{76D90716-15BD-4986-B974-6C9FFEF58753}.Release|Any CPU.Build.0 = Release|Any CPU
		{81DDED9D-158B-E303-5F62-77A2896D2A5A}.Debug|Any CPU.ActiveCfg = Debug|Any CPU
		{81DDED9D-158B-E303-5F62-77A2896D2A5A}.Debug|Any CPU.Build.0 = Debug|Any CPU
		{81DDED9D-158B-E303-5F62-77A2896D2A5A}.Release|Any CPU.ActiveCfg = Release|Any CPU
		{81DDED9D-158B-E303-5F62-77A2896D2A5A}.Release|Any CPU.Build.0 = Release|Any CPU
		{07F29AC1-A4B0-460C-8473-CF40B6AF67CC}.Debug|Any CPU.ActiveCfg = Debug|Any CPU
		{07F29AC1-A4B0-460C-8473-CF40B6AF67CC}.Debug|Any CPU.Build.0 = Debug|Any CPU
		{07F29AC1-A4B0-460C-8473-CF40B6AF67CC}.Release|Any CPU.ActiveCfg = Release|Any CPU
		{07F29AC1-A4B0-460C-8473-CF40B6AF67CC}.Release|Any CPU.Build.0 = Release|Any CPU
		{F173BB1C-C6CE-517D-BCC4-28416026B293}.Debug|Any CPU.ActiveCfg = Debug|Any CPU
		{F173BB1C-C6CE-517D-BCC4-28416026B293}.Debug|Any CPU.Build.0 = Debug|Any CPU
		{F173BB1C-C6CE-517D-BCC4-28416026B293}.Debug|Any CPU.Deploy.0 = Debug|Any CPU
		{F173BB1C-C6CE-517D-BCC4-28416026B293}.Release|Any CPU.ActiveCfg = Release|Any CPU
		{F173BB1C-C6CE-517D-BCC4-28416026B293}.Release|Any CPU.Build.0 = Release|Any CPU
		{F173BB1C-C6CE-517D-BCC4-28416026B293}.Release|Any CPU.Deploy.0 = Release|Any CPU
		{E3C83489-8187-490D-BC44-F54732CE3578}.Debug|Any CPU.ActiveCfg = Debug|Any CPU
		{E3C83489-8187-490D-BC44-F54732CE3578}.Debug|Any CPU.Build.0 = Debug|Any CPU
		{E3C83489-8187-490D-BC44-F54732CE3578}.Release|Any CPU.ActiveCfg = Release|Any CPU
		{E3C83489-8187-490D-BC44-F54732CE3578}.Release|Any CPU.Build.0 = Release|Any CPU
		{B40E0DEA-6054-4DB2-AB46-240B0F61A3E2}.Debug|Any CPU.ActiveCfg = Debug|Any CPU
		{B40E0DEA-6054-4DB2-AB46-240B0F61A3E2}.Debug|Any CPU.Build.0 = Debug|Any CPU
		{B40E0DEA-6054-4DB2-AB46-240B0F61A3E2}.Release|Any CPU.ActiveCfg = Release|Any CPU
		{B40E0DEA-6054-4DB2-AB46-240B0F61A3E2}.Release|Any CPU.Build.0 = Release|Any CPU
	EndGlobalSection
	GlobalSection(SolutionProperties) = preSolution
		HideSolutionNode = FALSE
	EndGlobalSection
	GlobalSection(NestedProjects) = preSolution
		{7F516723-F43C-4279-BF8E-A34A616EA1AB} = {02EA681E-C7D8-13C7-8484-4AC65E1B71E8}
		{76D90716-15BD-4986-B974-6C9FFEF58753} = {02EA681E-C7D8-13C7-8484-4AC65E1B71E8}
		{07F29AC1-A4B0-460C-8473-CF40B6AF67CC} = {02EA681E-C7D8-13C7-8484-4AC65E1B71E8}
		{F173BB1C-C6CE-517D-BCC4-28416026B293} = {02EA681E-C7D8-13C7-8484-4AC65E1B71E8}
		{E3C83489-8187-490D-BC44-F54732CE3578} = {02EA681E-C7D8-13C7-8484-4AC65E1B71E8}
		{B40E0DEA-6054-4DB2-AB46-240B0F61A3E2} = {02EA681E-C7D8-13C7-8484-4AC65E1B71E8}
	EndGlobalSection
	GlobalSection(ExtensibilityGlobals) = postSolution
		SolutionGuid = {4941642C-A7D8-40AF-802F-F07219B06771}
	EndGlobalSection
EndGlobal
